
Microsoft Visual Studio Solution File, Format Version 12.00
# Visual Studio Version 16
VisualStudioVersion = 16.0.30717.126
MinimumVisualStudioVersion = 10.0.40219.1
Project("{FAE04EC0-301F-11D3-BF4B-00C04F79EFBC}") = "EFModelFirstDemo", "EFModelFirstDemo.csproj", "{A94CE6E8-CDE1-4F95-BEF6-DFAC2F391D48}"
EndProject
Global
	GlobalSection(SolutionConfigurationPlatforms) = preSolution
		Debug|Any CPU = Debug|Any CPU
		Release|Any CPU = Release|Any CPU
	EndGlobalSection
	GlobalSection(ProjectConfigurationPlatforms) = postSolution
		{A94CE6E8-CDE1-4F95-BEF6-DFAC2F391D48}.Debug|Any CPU.ActiveCfg = Debug|Any CPU
		{A94CE6E8-CDE1-4F95-BEF6-DFAC2F391D48}.Debug|Any CPU.Build.0 = Debug|Any CPU
		{A94CE6E8-CDE1-4F95-BEF6-DFAC2F391D48}.Release|Any CPU.ActiveCfg = Release|Any CPU
		{A94CE6E8-CDE1-4F95-BEF6-DFAC2F391D48}.Release|Any CPU.Build.0 = Release|Any CPU
	EndGlobalSection
	GlobalSection(SolutionProperties) = preSolution
		HideSolutionNode = FALSE
	EndGlobalSection
	GlobalSection(ExtensibilityGlobals) = postSolution
		SolutionGuid = {827093B2-E649-447E-8BF9-AA285BE518C9}
	EndGlobalSection
EndGlobal
